
Microsoft Visual Studio Solution File, Format Version 12.00
# Visual Studio 15
Project("{FAE04EC0-301F-11D3-BF4B-00C04F79EFBC}") = "Assembly-CSharp", "Assembly-CSharp.csproj", "{6B488176-6509-0F36-B9F3-80929382CE5A}"
EndProject
Project("{FAE04EC0-301F-11D3-BF4B-00C04F79EFBC}") = "Assembly-CSharp-firstpass", "Assembly-CSharp-firstpass.csproj", "{7E5C3FC0-B41A-D49B-3A03-FEFB96368A1C}"
EndProject
Project("{FAE04EC0-301F-11D3-BF4B-00C04F79EFBC}") = "Assembly-CSharp-Editor-firstpass", "Assembly-CSharp-Editor-firstpass.csproj", "{E62D8A04-8503-C006-6DD0-81B5CF799058}"
EndProject
Project("{FAE04EC0-301F-11D3-BF4B-00C04F79EFBC}") = "Assembly-CSharp-Editor", "Assembly-CSharp-Editor.csproj", "{99320E8B-12DB-7822-0169-9AC1208485DD}"
EndProject
Global
	GlobalSection(SolutionConfigurationPlatforms) = preSolution
		Debug|Any CPU = Debug|Any CPU
		Release|Any CPU = Release|Any CPU
	EndGlobalSection
	GlobalSection(ProjectConfigurationPlatforms) = postSolution
		{6B488176-6509-0F36-B9F3-80929382CE5A}.Debug|Any CPU.ActiveCfg = Debug|Any CPU
		{6B488176-6509-0F36-B9F3-80929382CE5A}.Debug|Any CPU.Build.0 = Debug|Any CPU
		{6B488176-6509-0F36-B9F3-80929382CE5A}.Release|Any CPU.ActiveCfg = Release|Any CPU
		{6B488176-6509-0F36-B9F3-80929382CE5A}.Release|Any CPU.Build.0 = Release|Any CPU
		{7E5C3FC0-B41A-D49B-3A03-FEFB96368A1C}.Debug|Any CPU.ActiveCfg = Debug|Any CPU
		{7E5C3FC0-B41A-D49B-3A03-FEFB96368A1C}.Debug|Any CPU.Build.0 = Debug|Any CPU
		{7E5C3FC0-B41A-D49B-3A03-FEFB96368A1C}.Release|Any CPU.ActiveCfg = Release|Any CPU
		{7E5C3FC0-B41A-D49B-3A03-FEFB96368A1C}.Release|Any CPU.Build.0 = Release|Any CPU
		{E62D8A04-8503-C006-6DD0-81B5CF799058}.Debug|Any CPU.ActiveCfg = Debug|Any CPU
		{E62D8A04-8503-C006-6DD0-81B5CF799058}.Debug|Any CPU.Build.0 = Debug|Any CPU
		{E62D8A04-8503-C006-6DD0-81B5CF799058}.Release|Any CPU.ActiveCfg = Release|Any CPU
		{E62D8A04-8503-C006-6DD0-81B5CF799058}.Release|Any CPU.Build.0 = Release|Any CPU
		{99320E8B-12DB-7822-0169-9AC1208485DD}.Debug|Any CPU.ActiveCfg = Debug|Any CPU
		{99320E8B-12DB-7822-0169-9AC1208485DD}.Debug|Any CPU.Build.0 = Debug|Any CPU
		{99320E8B-12DB-7822-0169-9AC1208485DD}.Release|Any CPU.ActiveCfg = Release|Any CPU
		{99320E8B-12DB-7822-0169-9AC1208485DD}.Release|Any CPU.Build.0 = Release|Any CPU
	EndGlobalSection
	GlobalSection(SolutionProperties) = preSolution
		HideSolutionNode = FALSE
	EndGlobalSection
EndGlobal
